// !$*UTF8*$!
{
	archiveVersion = 1;
	classes = {
	};
	objectVersion = 50;
	objects = {

/* Begin PBXBuildFile section */
		383493B121E31A9D00498EFA /* satsutaba_set.png in Resources */ = {isa = PBXBuildFile; fileRef = 383493B021E31A9D00498EFA /* satsutaba_set.png */; };
		383493B321E31ACD00498EFA /* satsutaba_binta.png in Resources */ = {isa = PBXBuildFile; fileRef = 383493B221E31ACD00498EFA /* satsutaba_binta.png */; };
		383493B521E31AFC00498EFA /* satsutaba2.png in Resources */ = {isa = PBXBuildFile; fileRef = 383493B421E31AFC00498EFA /* satsutaba2.png */; };
		383493B721E31C6600498EFA /* satsutaba 2.png in Resources */ = {isa = PBXBuildFile; fileRef = 383493B621E31C6600498EFA /* satsutaba 2.png */; };
		383493B921E31CA400498EFA /* mitsugu_man.png in Resources */ = {isa = PBXBuildFile; fileRef = 383493B821E31CA400498EFA /* mitsugu_man.png */; };
		383493BB21E31CD300498EFA /* satsutaba_binta.png in Resources */ = {isa = PBXBuildFile; fileRef = 383493BA21E31CD300498EFA /* satsutaba_binta.png */; };
		384F9D4321C7708D0007E21A /* AppDelegate.swift in Sources */ = {isa = PBXBuildFile; fileRef = 384F9D4221C7708D0007E21A /* AppDelegate.swift */; };
		384F9D4521C7708D0007E21A /* ViewController.swift in Sources */ = {isa = PBXBuildFile; fileRef = 384F9D4421C7708D0007E21A /* ViewController.swift */; };
		384F9D4821C7708D0007E21A /* Main.storyboard in Resources */ = {isa = PBXBuildFile; fileRef = 384F9D4621C7708D0007E21A /* Main.storyboard */; };
		384F9D4A21C7708F0007E21A /* Assets.xcassets in Resources */ = {isa = PBXBuildFile; fileRef = 384F9D4921C7708F0007E21A /* Assets.xcassets */; };
		384F9D4D21C7708F0007E21A /* LaunchScreen.storyboard in Resources */ = {isa = PBXBuildFile; fileRef = 384F9D4B21C7708F0007E21A /* LaunchScreen.storyboard */; };
		384F9D5821C7708F0007E21A /* LifePlanAppTests.swift in Sources */ = {isa = PBXBuildFile; fileRef = 384F9D5721C7708F0007E21A /* LifePlanAppTests.swift */; };
		384F9D6321C7708F0007E21A /* LifePlanAppUITests.swift in Sources */ = {isa = PBXBuildFile; fileRef = 384F9D6221C7708F0007E21A /* LifePlanAppUITests.swift */; };
		3894965221D6108500904D19 /* syogakukin.png in Resources */ = {isa = PBXBuildFile; fileRef = 3894964D21D6108300904D19 /* syogakukin.png */; };
		3894965321D6108500904D19 /* satsutaba.png in Resources */ = {isa = PBXBuildFile; fileRef = 3894964E21D6108300904D19 /* satsutaba.png */; };
		3894965421D6108500904D19 /* kabu2.jpg in Resources */ = {isa = PBXBuildFile; fileRef = 3894964F21D6108400904D19 /* kabu2.jpg */; };
		3894965521D6108500904D19 /* yamikin.png in Resources */ = {isa = PBXBuildFile; fileRef = 3894965021D6108400904D19 /* yamikin.png */; };
		3894965621D6108500904D19 /* kabu1.jpg in Resources */ = {isa = PBXBuildFile; fileRef = 3894965121D6108500904D19 /* kabu1.jpg */; };
/* End PBXBuildFile section */

/* Begin PBXContainerItemProxy section */
		384F9D5421C7708F0007E21A /* PBXContainerItemProxy */ = {
			isa = PBXContainerItemProxy;
			containerPortal = 384F9D3721C7708D0007E21A /* Project object */;
			proxyType = 1;
			remoteGlobalIDString = 384F9D3E21C7708D0007E21A;
			remoteInfo = LifePlanApp;
		};
		384F9D5F21C7708F0007E21A /* PBXContainerItemProxy */ = {
			isa = PBXContainerItemProxy;
			containerPortal = 384F9D3721C7708D0007E21A /* Project object */;
			proxyType = 1;
			remoteGlobalIDString = 384F9D3E21C7708D0007E21A;
			remoteInfo = LifePlanApp;
		};
/* End PBXContainerItemProxy section */

/* Begin PBXFileReference section */
		383493B021E31A9D00498EFA /* satsutaba_set.png */ = {isa = PBXFileReference; lastKnownFileType = image.png; path = satsutaba_set.png; sourceTree = SOURCE_ROOT; };
		383493B221E31ACD00498EFA /* satsutaba_binta.png */ = {isa = PBXFileReference; lastKnownFileType = image.png; path = satsutaba_binta.png; sourceTree = SOURCE_ROOT; };
		383493B421E31AFC00498EFA /* satsutaba2.png */ = {isa = PBXFileReference; lastKnownFileType = image.png; path = satsutaba2.png; sourceTree = SOURCE_ROOT; };
		383493B621E31C6600498EFA /* satsutaba 2.png */ = {isa = PBXFileReference; lastKnownFileType = image.png; path = "satsutaba 2.png"; sourceTree = SOURCE_ROOT; };
		383493B821E31CA400498EFA /* mitsugu_man.png */ = {isa = PBXFileReference; lastKnownFileType = image.png; path = mitsugu_man.png; sourceTree = SOURCE_ROOT; };
		383493BA21E31CD300498EFA /* satsutaba_binta.png */ = {isa = PBXFileReference; lastKnownFileType = image.png; path = satsutaba_binta.png; sourceTree = SOURCE_ROOT; };
		384F9D3F21C7708D0007E21A /* LifePlanApp.app */ = {isa = PBXFileReference; explicitFileType = wrapper.application; includeInIndex = 0; path = LifePlanApp.app; sourceTree = BUILT_PRODUCTS_DIR; };
		384F9D4221C7708D0007E21A /* AppDelegate.swift */ = {isa = PBXFileReference; lastKnownFileType = sourcecode.swift; path = AppDelegate.swift; sourceTree = "<group>"; };
		384F9D4421C7708D0007E21A /* ViewController.swift */ = {isa = PBXFileReference; lastKnownFileType = sourcecode.swift; path = ViewController.swift; sourceTree = "<group>"; };
		384F9D4721C7708D0007E21A /* Base */ = {isa = PBXFileReference; lastKnownFileType = file.storyboard; name = Base; path = Base.lproj/Main.storyboard; sourceTree = "<group>"; };
		384F9D4921C7708F0007E21A /* Assets.xcassets */ = {isa = PBXFileReference; lastKnownFileType = folder.assetcatalog; path = Assets.xcassets; sourceTree = "<group>"; };
		384F9D4C21C7708F0007E21A /* Base */ = {isa = PBXFileReference; lastKnownFileType = file.storyboard; name = Base; path = Base.lproj/LaunchScreen.storyboard; sourceTree = "<group>"; };
		384F9D4E21C7708F0007E21A /* Info.plist */ = {isa = PBXFileReference; lastKnownFileType = text.plist.xml; path = Info.plist; sourceTree = "<group>"; };
		384F9D5321C7708F0007E21A /* LifePlanAppTests.xctest */ = {isa = PBXFileReference; explicitFileType = wrapper.cfbundle; includeInIndex = 0; path = LifePlanAppTests.xctest; sourceTree = BUILT_PRODUCTS_DIR; };
		384F9D5721C7708F0007E21A /* LifePlanAppTests.swift */ = {isa = PBXFileReference; lastKnownFileType = sourcecode.swift; path = LifePlanAppTests.swift; sourceTree = "<group>"; };
		384F9D5921C7708F0007E21A /* Info.plist */ = {isa = PBXFileReference; lastKnownFileType = text.plist.xml; path = Info.plist; sourceTree = "<group>"; };
		384F9D5E21C7708F0007E21A /* LifePlanAppUITests.xctest */ = {isa = PBXFileReference; explicitFileType = wrapper.cfbundle; includeInIndex = 0; path = LifePlanAppUITests.xctest; sourceTree = BUILT_PRODUCTS_DIR; };
		384F9D6221C7708F0007E21A /* LifePlanAppUITests.swift */ = {isa = PBXFileReference; lastKnownFileType = sourcecode.swift; path = LifePlanAppUITests.swift; sourceTree = "<group>"; };
		384F9D6421C7708F0007E21A /* Info.plist */ = {isa = PBXFileReference; lastKnownFileType = text.plist.xml; path = Info.plist; sourceTree = "<group>"; };
		3894964D21D6108300904D19 /* syogakukin.png */ = {isa = PBXFileReference; lastKnownFileType = image.png; name = syogakukin.png; path = picture/syogakukin.png; sourceTree = SOURCE_ROOT; };
		3894964E21D6108300904D19 /* satsutaba.png */ = {isa = PBXFileReference; lastKnownFileType = image.png; name = satsutaba.png; path = picture/satsutaba.png; sourceTree = SOURCE_ROOT; };
		3894964F21D6108400904D19 /* kabu2.jpg */ = {isa = PBXFileReference; lastKnownFileType = image.jpeg; name = kabu2.jpg; path = picture/kabu2.jpg; sourceTree = SOURCE_ROOT; };
		3894965021D6108400904D19 /* yamikin.png */ = {isa = PBXFileReference; lastKnownFileType = image.png; name = yamikin.png; path = picture/yamikin.png; sourceTree = SOURCE_ROOT; };
		3894965121D6108500904D19 /* kabu1.jpg */ = {isa = PBXFileReference; lastKnownFileType = image.jpeg; name = kabu1.jpg; path = picture/kabu1.jpg; sourceTree = SOURCE_ROOT; };
/* End PBXFileReference section */

/* Begin PBXFrameworksBuildPhase section */
		384F9D3C21C7708D0007E21A /* Frameworks */ = {
			isa = PBXFrameworksBuildPhase;
			buildActionMask = 2147483647;
			files = (
			);
			runOnlyForDeploymentPostprocessing = 0;
		};
		384F9D5021C7708F0007E21A /* Frameworks */ = {
			isa = PBXFrameworksBuildPhase;
			buildActionMask = 2147483647;
			files = (
			);
			runOnlyForDeploymentPostprocessing = 0;
		};
		384F9D5B21C7708F0007E21A /* Frameworks */ = {
			isa = PBXFrameworksBuildPhase;
			buildActionMask = 2147483647;
			files = (
			);
			runOnlyForDeploymentPostprocessing = 0;
		};
/* End PBXFrameworksBuildPhase section */

/* Begin PBXGroup section */
		384F9D3621C7708D0007E21A = {
			isa = PBXGroup;
			children = (
				384F9D4121C7708D0007E21A /* LifePlanApp */,
				384F9D5621C7708F0007E21A /* LifePlanAppTests */,
				384F9D6121C7708F0007E21A /* LifePlanAppUITests */,
				384F9D4021C7708D0007E21A /* Products */,
			);
			sourceTree = "<group>";
		};
		384F9D4021C7708D0007E21A /* Products */ = {
			isa = PBXGroup;
			children = (
				384F9D3F21C7708D0007E21A /* LifePlanApp.app */,
				384F9D5321C7708F0007E21A /* LifePlanAppTests.xctest */,
				384F9D5E21C7708F0007E21A /* LifePlanAppUITests.xctest */,
			);
			name = Products;
			sourceTree = "<group>";
		};
		384F9D4121C7708D0007E21A /* LifePlanApp */ = {
			isa = PBXGroup;
			children = (
				3894965121D6108500904D19 /* kabu1.jpg */,
				3894964F21D6108400904D19 /* kabu2.jpg */,
				3894964E21D6108300904D19 /* satsutaba.png */,
				3894964D21D6108300904D19 /* syogakukin.png */,
				3894965021D6108400904D19 /* yamikin.png */,
				383493B421E31AFC00498EFA /* satsutaba2.png */,
				383493B821E31CA400498EFA /* mitsugu_man.png */,
				383493B021E31A9D00498EFA /* satsutaba_set.png */,
				383493BA21E31CD300498EFA /* satsutaba_binta.png */,
				383493B621E31C6600498EFA /* satsutaba 2.png */,
				384F9D4221C7708D0007E21A /* AppDelegate.swift */,
				384F9D4421C7708D0007E21A /* ViewController.swift */,
				383493B221E31ACD00498EFA /* satsutaba_binta.png */,
				384F9D4621C7708D0007E21A /* Main.storyboard */,
				384F9D4921C7708F0007E21A /* Assets.xcassets */,
				384F9D4B21C7708F0007E21A /* LaunchScreen.storyboard */,
				384F9D4E21C7708F0007E21A /* Info.plist */,
			);
			path = LifePlanApp;
			sourceTree = "<group>";
		};
		384F9D5621C7708F0007E21A /* LifePlanAppTests */ = {
			isa = PBXGroup;
			children = (
				384F9D5721C7708F0007E21A /* LifePlanAppTests.swift */,
				384F9D5921C7708F0007E21A /* Info.plist */,
			);
			path = LifePlanAppTests;
			sourceTree = "<group>";
		};
		384F9D6121C7708F0007E21A /* LifePlanAppUITests */ = {
			isa = PBXGroup;
			children = (
				384F9D6221C7708F0007E21A /* LifePlanAppUITests.swift */,
				384F9D6421C7708F0007E21A /* Info.plist */,
			);
			path = LifePlanAppUITests;
			sourceTree = "<group>";
		};
/* End PBXGroup section */

/* Begin PBXNativeTarget section */
		384F9D3E21C7708D0007E21A /* LifePlanApp */ = {
			isa = PBXNativeTarget;
			buildConfigurationList = 384F9D6721C7708F0007E21A /* Build configuration list for PBXNativeTarget "LifePlanApp" */;
			buildPhases = (
				384F9D3B21C7708D0007E21A /* Sources */,
				384F9D3C21C7708D0007E21A /* Frameworks */,
				384F9D3D21C7708D0007E21A /* Resources */,
			);
			buildRules = (
			);
			dependencies = (
			);
			name = LifePlanApp;
			productName = LifePlanApp;
			productReference = 384F9D3F21C7708D0007E21A /* LifePlanApp.app */;
			productType = "com.apple.product-type.application";
		};
		384F9D5221C7708F0007E21A /* LifePlanAppTests */ = {
			isa = PBXNativeTarget;
			buildConfigurationList = 384F9D6A21C7708F0007E21A /* Build configuration list for PBXNativeTarget "LifePlanAppTests" */;
			buildPhases = (
				384F9D4F21C7708F0007E21A /* Sources */,
				384F9D5021C7708F0007E21A /* Frameworks */,
				384F9D5121C7708F0007E21A /* Resources */,
			);
			buildRules = (
			);
			dependencies = (
				384F9D5521C7708F0007E21A /* PBXTargetDependency */,
			);
			name = LifePlanAppTests;
			productName = LifePlanAppTests;
			productReference = 384F9D5321C7708F0007E21A /* LifePlanAppTests.xctest */;
			productType = "com.apple.product-type.bundle.unit-test";
		};
		384F9D5D21C7708F0007E21A /* LifePlanAppUITests */ = {
			isa = PBXNativeTarget;
			buildConfigurationList = 384F9D6D21C7708F0007E21A /* Build configuration list for PBXNativeTarget "LifePlanAppUITests" */;
			buildPhases = (
				384F9D5A21C7708F0007E21A /* Sources */,
				384F9D5B21C7708F0007E21A /* Frameworks */,
				384F9D5C21C7708F0007E21A /* Resources */,
			);
			buildRules = (
			);
			dependencies = (
				384F9D6021C7708F0007E21A /* PBXTargetDependency */,
			);
			name = LifePlanAppUITests;
			productName = LifePlanAppUITests;
			productReference = 384F9D5E21C7708F0007E21A /* LifePlanAppUITests.xctest */;
			productType = "com.apple.product-type.bundle.ui-testing";
		};
/* End PBXNativeTarget section */

/* Begin PBXProject section */
		384F9D3721C7708D0007E21A /* Project object */ = {
			isa = PBXProject;
			attributes = {
				LastSwiftUpdateCheck = 1010;
				LastUpgradeCheck = 1010;
				ORGANIZATIONNAME = "ICTクルー";
				TargetAttributes = {
					384F9D3E21C7708D0007E21A = {
						CreatedOnToolsVersion = 10.1;
					};
					384F9D5221C7708F0007E21A = {
						CreatedOnToolsVersion = 10.1;
						TestTargetID = 384F9D3E21C7708D0007E21A;
					};
					384F9D5D21C7708F0007E21A = {
						CreatedOnToolsVersion = 10.1;
						TestTargetID = 384F9D3E21C7708D0007E21A;
					};
				};
			};
			buildConfigurationList = 384F9D3A21C7708D0007E21A /* Build configuration list for PBXProject "LifePlanApp" */;
			compatibilityVersion = "Xcode 9.3";
			developmentRegion = en;
			hasScannedForEncodings = 0;
			knownRegions = (
				en,
				Base,
			);
			mainGroup = 384F9D3621C7708D0007E21A;
			productRefGroup = 384F9D4021C7708D0007E21A /* Products */;
			projectDirPath = "";
			projectRoot = "";
			targets = (
				384F9D3E21C7708D0007E21A /* LifePlanApp */,
				384F9D5221C7708F0007E21A /* LifePlanAppTests */,
				384F9D5D21C7708F0007E21A /* LifePlanAppUITests */,
			);
		};
/* End PBXProject section */

/* Begin PBXResourcesBuildPhase section */
		384F9D3D21C7708D0007E21A /* Resources */ = {
			isa = PBXResourcesBuildPhase;
			buildActionMask = 2147483647;
			files = (
				383493B121E31A9D00498EFA /* satsutaba_set.png in Resources */,
				3894965521D6108500904D19 /* yamikin.png in Resources */,
				3894965321D6108500904D19 /* satsutaba.png in Resources */,
				383493B521E31AFC00498EFA /* satsutaba2.png in Resources */,
				383493B321E31ACD00498EFA /* satsutaba_binta.png in Resources */,
				3894965221D6108500904D19 /* syogakukin.png in Resources */,
				384F9D4D21C7708F0007E21A /* LaunchScreen.storyboard in Resources */,
				383493BB21E31CD300498EFA /* satsutaba_binta.png in Resources */,
				383493B921E31CA400498EFA /* mitsugu_man.png in Resources */,
				3894965621D6108500904D19 /* kabu1.jpg in Resources */,
				383493B721E31C6600498EFA /* satsutaba 2.png in Resources */,
				3894965421D6108500904D19 /* kabu2.jpg in Resources */,
				384F9D4A21C7708F0007E21A /* Assets.xcassets in Resources */,
				384F9D4821C7708D0007E21A /* Main.storyboard in Resources */,
			);
			runOnlyForDeploymentPostprocessing = 0;
		};
		384F9D5121C7708F0007E21A /* Resources */ = {
			isa = PBXResourcesBuildPhase;
			buildActionMask = 2147483647;
			files = (
			);
			runOnlyForDeploymentPostprocessing = 0;
		};
		384F9D5C21C7708F0007E21A /* Resources */ = {
			isa = PBXResourcesBuildPhase;
			buildActionMask = 2147483647;
			files = (
			);
			runOnlyForDeploymentPostprocessing = 0;
		};
/* End PBXResourcesBuildPhase section */

/* Begin PBXSourcesBuildPhase section */
		384F9D3B21C7708D0007E21A /* Sources */ = {
			isa = PBXSourcesBuildPhase;
			buildActionMask = 2147483647;
			files = (
				384F9D4521C7708D0007E21A /* ViewController.swift in Sources */,
				384F9D4321C7708D0007E21A /* AppDelegate.swift in Sources */,
			);
			runOnlyForDeploymentPostprocessing = 0;
		};
		384F9D4F21C7708F0007E21A /* Sources */ = {
			isa = PBXSourcesBuildPhase;
			buildActionMask = 2147483647;
			files = (
				384F9D5821C7708F0007E21A /* LifePlanAppTests.swift in Sources */,
			);
			runOnlyForDeploymentPostprocessing = 0;
		};
		384F9D5A21C7708F0007E21A /* Sources */ = {
			isa = PBXSourcesBuildPhase;
			buildActionMask = 2147483647;
			files = (
				384F9D6321C7708F0007E21A /* LifePlanAppUITests.swift in Sources */,
			);
			runOnlyForDeploymentPostprocessing = 0;
		};
/* End PBXSourcesBuildPhase section */

/* Begin PBXTargetDependency section */
		384F9D5521C7708F0007E21A /* PBXTargetDependency */ = {
			isa = PBXTargetDependency;
			target = 384F9D3E21C7708D0007E21A /* LifePlanApp */;
			targetProxy = 384F9D5421C7708F0007E21A /* PBXContainerItemProxy */;
		};
		384F9D6021C7708F0007E21A /* PBXTargetDependency */ = {
			isa = PBXTargetDependency;
			target = 384F9D3E21C7708D0007E21A /* LifePlanApp */;
			targetProxy = 384F9D5F21C7708F0007E21A /* PBXContainerItemProxy */;
		};
/* End PBXTargetDependency section */

/* Begin PBXVariantGroup section */
		384F9D4621C7708D0007E21A /* Main.storyboard */ = {
			isa = PBXVariantGroup;
			children = (
				384F9D4721C7708D0007E21A /* Base */,
			);
			name = Main.storyboard;
			sourceTree = "<group>";
		};
		384F9D4B21C7708F0007E21A /* LaunchScreen.storyboard */ = {
			isa = PBXVariantGroup;
			children = (
				384F9D4C21C7708F0007E21A /* Base */,
			);
			name = LaunchScreen.storyboard;
			sourceTree = "<group>";
		};
/* End PBXVariantGroup section */

/* Begin XCBuildConfiguration section */
		384F9D6521C7708F0007E21A /* Debug */ = {
			isa = XCBuildConfiguration;
			buildSettings = {
				ALWAYS_SEARCH_USER_PATHS = NO;
				CLANG_ANALYZER_NONNULL = YES;
				CLANG_ANALYZER_NUMBER_OBJECT_CONVERSION = YES_AGGRESSIVE;
				CLANG_CXX_LANGUAGE_STANDARD = "gnu++14";
				CLANG_CXX_LIBRARY = "libc++";
				CLANG_ENABLE_MODULES = YES;
				CLANG_ENABLE_OBJC_ARC = YES;
				CLANG_ENABLE_OBJC_WEAK = YES;
				CLANG_WARN_BLOCK_CAPTURE_AUTORELEASING = YES;
				CLANG_WARN_BOOL_CONVERSION = YES;
				CLANG_WARN_COMMA = YES;
				CLANG_WARN_CONSTANT_CONVERSION = YES;
				CLANG_WARN_DEPRECATED_OBJC_IMPLEMENTATIONS = YES;
				CLANG_WARN_DIRECT_OBJC_ISA_USAGE = YES_ERROR;
				CLANG_WARN_DOCUMENTATION_COMMENTS = YES;
				CLANG_WARN_EMPTY_BODY = YES;
				CLANG_WARN_ENUM_CONVERSION = YES;
				CLANG_WARN_INFINITE_RECURSION = YES;
				CLANG_WARN_INT_CONVERSION = YES;
				CLANG_WARN_NON_LITERAL_NULL_CONVERSION = YES;
				CLANG_WARN_OBJC_IMPLICIT_RETAIN_SELF = YES;
				CLANG_WARN_OBJC_LITERAL_CONVERSION = YES;
				CLANG_WARN_OBJC_ROOT_CLASS = YES_ERROR;
				CLANG_WARN_RANGE_LOOP_ANALYSIS = YES;
				CLANG_WARN_STRICT_PROTOTYPES = YES;
				CLANG_WARN_SUSPICIOUS_MOVE = YES;
				CLANG_WARN_UNGUARDED_AVAILABILITY = YES_AGGRESSIVE;
				CLANG_WARN_UNREACHABLE_CODE = YES;
				CLANG_WARN__DUPLICATE_METHOD_MATCH = YES;
				CODE_SIGN_IDENTITY = "iPhone Developer";
				COPY_PHASE_STRIP = NO;
				DEBUG_INFORMATION_FORMAT = dwarf;
				ENABLE_STRICT_OBJC_MSGSEND = YES;
				ENABLE_TESTABILITY = YES;
				GCC_C_LANGUAGE_STANDARD = gnu11;
				GCC_DYNAMIC_NO_PIC = NO;
				GCC_NO_COMMON_BLOCKS = YES;
				GCC_OPTIMIZATION_LEVEL = 0;
				GCC_PREPROCESSOR_DEFINITIONS = (
					"DEBUG=1",
					"$(inherited)",
				);
				GCC_WARN_64_TO_32_BIT_CONVERSION = YES;
				GCC_WARN_ABOUT_RETURN_TYPE = YES_ERROR;
				GCC_WARN_UNDECLARED_SELECTOR = YES;
				GCC_WARN_UNINITIALIZED_AUTOS = YES_AGGRESSIVE;
				GCC_WARN_UNUSED_FUNCTION = YES;
				GCC_WARN_UNUSED_VARIABLE = YES;
				IPHONEOS_DEPLOYMENT_TARGET = 12.1;
				MTL_ENABLE_DEBUG_INFO = INCLUDE_SOURCE;
				MTL_FAST_MATH = YES;
				ONLY_ACTIVE_ARCH = YES;
				SDKROOT = iphoneos;
				SWIFT_ACTIVE_COMPILATION_CONDITIONS = DEBUG;
				SWIFT_OPTIMIZATION_LEVEL = "-Onone";
			};
			name = Debug;
		};
		384F9D6621C7708F0007E21A /* Release */ = {
			isa = XCBuildConfiguration;
			buildSettings = {
				ALWAYS_SEARCH_USER_PATHS = NO;
				CLANG_ANALYZER_NONNULL = YES;
				CLANG_ANALYZER_NUMBER_OBJECT_CONVERSION = YES_AGGRESSIVE;
				CLANG_CXX_LANGUAGE_STANDARD = "gnu++14";
				CLANG_CXX_LIBRARY = "libc++";
				CLANG_ENABLE_MODULES = YES;
				CLANG_ENABLE_OBJC_ARC = YES;
				CLANG_ENABLE_OBJC_WEAK = YES;
				CLANG_WARN_BLOCK_CAPTURE_AUTORELEASING = YES;
				CLANG_WARN_BOOL_CONVERSION = YES;
				CLANG_WARN_COMMA = YES;
				CLANG_WARN_CONSTANT_CONVERSION = YES;
				CLANG_WARN_DEPRECATED_OBJC_IMPLEMENTATIONS = YES;
				CLANG_WARN_DIRECT_OBJC_ISA_USAGE = YES_ERROR;
				CLANG_WARN_DOCUMENTATION_COMMENTS = YES;
				CLANG_WARN_EMPTY_BODY = YES;
				CLANG_WARN_ENUM_CONVERSION = YES;
				CLANG_WARN_INFINITE_RECURSION = YES;
				CLANG_WARN_INT_CONVERSION = YES;
				CLANG_WARN_NON_LITERAL_NULL_CONVERSION = YES;
				CLANG_WARN_OBJC_IMPLICIT_RETAIN_SELF = YES;
				CLANG_WARN_OBJC_LITERAL_CONVERSION = YES;
				CLANG_WARN_OBJC_ROOT_CLASS = YES_ERROR;
				CLANG_WARN_RANGE_LOOP_ANALYSIS = YES;
				CLANG_WARN_STRICT_PROTOTYPES = YES;
				CLANG_WARN_SUSPICIOUS_MOVE = YES;
				CLANG_WARN_UNGUARDED_AVAILABILITY = YES_AGGRESSIVE;
				CLANG_WARN_UNREACHABLE_CODE = YES;
				CLANG_WARN__DUPLICATE_METHOD_MATCH = YES;
				CODE_SIGN_IDENTITY = "iPhone Developer";
				COPY_PHASE_STRIP = NO;
				DEBUG_INFORMATION_FORMAT = "dwarf-with-dsym";
				ENABLE_NS_ASSERTIONS = NO;
				ENABLE_STRICT_OBJC_MSGSEND = YES;
				GCC_C_LANGUAGE_STANDARD = gnu11;
				GCC_NO_COMMON_BLOCKS = YES;
				GCC_WARN_64_TO_32_BIT_CONVERSION = YES;
				GCC_WARN_ABOUT_RETURN_TYPE = YES_ERROR;
				GCC_WARN_UNDECLARED_SELECTOR = YES;
				GCC_WARN_UNINITIALIZED_AUTOS = YES_AGGRESSIVE;
				GCC_WARN_UNUSED_FUNCTION = YES;
				GCC_WARN_UNUSED_VARIABLE = YES;
				IPHONEOS_DEPLOYMENT_TARGET = 12.1;
				MTL_ENABLE_DEBUG_INFO = NO;
				MTL_FAST_MATH = YES;
				SDKROOT = iphoneos;
				SWIFT_COMPILATION_MODE = wholemodule;
				SWIFT_OPTIMIZATION_LEVEL = "-O";
				VALIDATE_PRODUCT = YES;
			};
			name = Release;
		};
		384F9D6821C7708F0007E21A /* Debug */ = {
			isa = XCBuildConfiguration;
			buildSettings = {
				ASSETCATALOG_COMPILER_APPICON_NAME = AppIcon;
				CODE_SIGN_STYLE = Automatic;
				INFOPLIST_FILE = LifePlanApp/Info.plist;
				LD_RUNPATH_SEARCH_PATHS = (
					"$(inherited)",
					"@executable_path/Frameworks",
				);
				PRODUCT_BUNDLE_IDENTIFIER = ICT.LifePlanApp;
				PRODUCT_NAME = "$(TARGET_NAME)";
				SWIFT_VERSION = 4.2;
				TARGETED_DEVICE_FAMILY = "1,2";
			};
			name = Debug;
		};
		384F9D6921C7708F0007E21A /* Release */ = {
			isa = XCBuildConfiguration;
			buildSettings = {
				ASSETCATALOG_COMPILER_APPICON_NAME = AppIcon;
				CODE_SIGN_STYLE = Automatic;
				INFOPLIST_FILE = LifePlanApp/Info.plist;
				LD_RUNPATH_SEARCH_PATHS = (
					"$(inherited)",
					"@executable_path/Frameworks",
				);
				PRODUCT_BUNDLE_IDENTIFIER = ICT.LifePlanApp;
				PRODUCT_NAME = "$(TARGET_NAME)";
				SWIFT_VERSION = 4.2;
				TARGETED_DEVICE_FAMILY = "1,2";
			};
			name = Release;
		};
		384F9D6B21C7708F0007E21A /* Debug */ = {
			isa = XCBuildConfiguration;
			buildSettings = {
				ALWAYS_EMBED_SWIFT_STANDARD_LIBRARIES = YES;
				BUNDLE_LOADER = "$(TEST_HOST)";
				CODE_SIGN_STYLE = Automatic;
				INFOPLIST_FILE = LifePlanAppTests/Info.plist;
				LD_RUNPATH_SEARCH_PATHS = (
					"$(inherited)",
					"@executable_path/Frameworks",
					"@loader_path/Frameworks",
				);
				PRODUCT_BUNDLE_IDENTIFIER = ICT.LifePlanAppTests;
				PRODUCT_NAME = "$(TARGET_NAME)";
				SWIFT_VERSION = 4.2;
				TARGETED_DEVICE_FAMILY = "1,2";
				TEST_HOST = "$(BUILT_PRODUCTS_DIR)/LifePlanApp.app/LifePlanApp";
			};
			name = Debug;
		};
		384F9D6C21C7708F0007E21A /* Release */ = {
			isa = XCBuildConfiguration;
			buildSettings = {
				ALWAYS_EMBED_SWIFT_STANDARD_LIBRARIES = YES;
				BUNDLE_LOADER = "$(TEST_HOST)";
				CODE_SIGN_STYLE = Automatic;
				INFOPLIST_FILE = LifePlanAppTests/Info.plist;
				LD_RUNPATH_SEARCH_PATHS = (
					"$(inherited)",
					"@executable_path/Frameworks",
					"@loader_path/Frameworks",
				);
				PRODUCT_BUNDLE_IDENTIFIER = ICT.LifePlanAppTests;
				PRODUCT_NAME = "$(TARGET_NAME)";
				SWIFT_VERSION = 4.2;
				TARGETED_DEVICE_FAMILY = "1,2";
				TEST_HOST = "$(BUILT_PRODUCTS_DIR)/LifePlanApp.app/LifePlanApp";
			};
			name = Release;
		};
		384F9D6E21C7708F0007E21A /* Debug */ = {
			isa = XCBuildConfiguration;
			buildSettings = {
				ALWAYS_EMBED_SWIFT_STANDARD_LIBRARIES = YES;
				CODE_SIGN_STYLE = Automatic;
				INFOPLIST_FILE = LifePlanAppUITests/Info.plist;
				LD_RUNPATH_SEARCH_PATHS = (
					"$(inherited)",
					"@executable_path/Frameworks",
					"@loader_path/Frameworks",
				);
				PRODUCT_BUNDLE_IDENTIFIER = ICT.LifePlanAppUITests;
				PRODUCT_NAME = "$(TARGET_NAME)";
				SWIFT_VERSION = 4.2;
				TARGETED_DEVICE_FAMILY = "1,2";
				TEST_TARGET_NAME = LifePlanApp;
			};
			name = Debug;
		};
		384F9D6F21C7708F0007E21A /* Release */ = {
			isa = XCBuildConfiguration;
			buildSettings = {
				ALWAYS_EMBED_SWIFT_STANDARD_LIBRARIES = YES;
				CODE_SIGN_STYLE = Automatic;
				INFOPLIST_FILE = LifePlanAppUITests/Info.plist;
				LD_RUNPATH_SEARCH_PATHS = (
					"$(inherited)",
					"@executable_path/Frameworks",
					"@loader_path/Frameworks",
				);
				PRODUCT_BUNDLE_IDENTIFIER = ICT.LifePlanAppUITests;
				PRODUCT_NAME = "$(TARGET_NAME)";
				SWIFT_VERSION = 4.2;
				TARGETED_DEVICE_FAMILY = "1,2";
				TEST_TARGET_NAME = LifePlanApp;
			};
			name = Release;
		};
/* End XCBuildConfiguration section */

/* Begin XCConfigurationList section */
		384F9D3A21C7708D0007E21A /* Build configuration list for PBXProject "LifePlanApp" */ = {
			isa = XCConfigurationList;
			buildConfigurations = (
				384F9D6521C7708F0007E21A /* Debug */,
				384F9D6621C7708F0007E21A /* Release */,
			);
			defaultConfigurationIsVisible = 0;
			defaultConfigurationName = Release;
		};
		384F9D6721C7708F0007E21A /* Build configuration list for PBXNativeTarget "LifePlanApp" */ = {
			isa = XCConfigurationList;
			buildConfigurations = (
				384F9D6821C7708F0007E21A /* Debug */,
				384F9D6921C7708F0007E21A /* Release */,
			);
			defaultConfigurationIsVisible = 0;
			defaultConfigurationName = Release;
		};
		384F9D6A21C7708F0007E21A /* Build configuration list for PBXNativeTarget "LifePlanAppTests" */ = {
			isa = XCConfigurationList;
			buildConfigurations = (
				384F9D6B21C7708F0007E21A /* Debug */,
				384F9D6C21C7708F0007E21A /* Release */,
			);
			defaultConfigurationIsVisible = 0;
			defaultConfigurationName = Release;
		};
		384F9D6D21C7708F0007E21A /* Build configuration list for PBXNativeTarget "LifePlanAppUITests" */ = {
			isa = XCConfigurationList;
			buildConfigurations = (
				384F9D6E21C7708F0007E21A /* Debug */,
				384F9D6F21C7708F0007E21A /* Release */,
			);
			defaultConfigurationIsVisible = 0;
			defaultConfigurationName = Release;
		};
/* End XCConfigurationList section */
	};
	rootObject = 384F9D3721C7708D0007E21A /* Project object */;
}
